// !$*UTF8*$!
{
	archiveVersion = 1;
	classes = {
	};
	objectVersion = 50;
	objects = {

/* Begin PBXBuildFile section */
		EF18EAE526092B1E00EA1F37 /* AppDelegate.swift in Sources */ = {isa = PBXBuildFile; fileRef = EF18EAE426092B1E00EA1F37 /* AppDelegate.swift */; };
		EF18EAE726092B1E00EA1F37 /* SceneDelegate.swift in Sources */ = {isa = PBXBuildFile; fileRef = EF18EAE626092B1E00EA1F37 /* SceneDelegate.swift */; };
		EF18EAE926092B1E00EA1F37 /* ViewController.swift in Sources */ = {isa = PBXBuildFile; fileRef = EF18EAE826092B1E00EA1F37 /* ViewController.swift */; };
		EF18EAEE26092B1F00EA1F37 /* Assets.xcassets in Resources */ = {isa = PBXBuildFile; fileRef = EF18EAED26092B1F00EA1F37 /* Assets.xcassets */; };
		EF18EAF126092B1F00EA1F37 /* LaunchScreen.storyboard in Resources */ = {isa = PBXBuildFile; fileRef = EF18EAEF26092B1F00EA1F37 /* LaunchScreen.storyboard */; };
		EF18EAFC26092B1F00EA1F37 /* GasTests.swift in Sources */ = {isa = PBXBuildFile; fileRef = EF18EAFB26092B1F00EA1F37 /* GasTests.swift */; };
		EF18EB0726092B1F00EA1F37 /* GasUITests.swift in Sources */ = {isa = PBXBuildFile; fileRef = EF18EB0626092B1F00EA1F37 /* GasUITests.swift */; };
/* End PBXBuildFile section */

/* Begin PBXContainerItemProxy section */
		EF18EAF826092B1F00EA1F37 /* PBXContainerItemProxy */ = {
			isa = PBXContainerItemProxy;
			containerPortal = EF18EAD926092B1E00EA1F37 /* Project object */;
			proxyType = 1;
			remoteGlobalIDString = EF18EAE026092B1E00EA1F37;
			remoteInfo = Gas;
		};
		EF18EB0326092B1F00EA1F37 /* PBXContainerItemProxy */ = {
			isa = PBXContainerItemProxy;
			containerPortal = EF18EAD926092B1E00EA1F37 /* Project object */;
			proxyType = 1;
			remoteGlobalIDString = EF18EAE026092B1E00EA1F37;
			remoteInfo = Gas;
		};
/* End PBXContainerItemProxy section */

/* Begin PBXFileReference section */
		EF18EAE126092B1E00EA1F37 /* Gas.app */ = {isa = PBXFileReference; explicitFileType = wrapper.application; includeInIndex = 0; path = Gas.app; sourceTree = BUILT_PRODUCTS_DIR; };
		EF18EAE426092B1E00EA1F37 /* AppDelegate.swift */ = {isa = PBXFileReference; lastKnownFileType = sourcecode.swift; path = AppDelegate.swift; sourceTree = "<group>"; };
		EF18EAE626092B1E00EA1F37 /* SceneDelegate.swift */ = {isa = PBXFileReference; lastKnownFileType = sourcecode.swift; path = SceneDelegate.swift; sourceTree = "<group>"; };
		EF18EAE826092B1E00EA1F37 /* ViewController.swift */ = {isa = PBXFileReference; lastKnownFileType = sourcecode.swift; path = ViewController.swift; sourceTree = "<group>"; };
		EF18EAED26092B1F00EA1F37 /* Assets.xcassets */ = {isa = PBXFileReference; lastKnownFileType = folder.assetcatalog; path = Assets.xcassets; sourceTree = "<group>"; };
		EF18EAF026092B1F00EA1F37 /* Base */ = {isa = PBXFileReference; lastKnownFileType = file.storyboard; name = Base; path = Base.lproj/LaunchScreen.storyboard; sourceTree = "<group>"; };
		EF18EAF226092B1F00EA1F37 /* Info.plist */ = {isa = PBXFileReference; lastKnownFileType = text.plist.xml; path = Info.plist; sourceTree = "<group>"; };
		EF18EAF726092B1F00EA1F37 /* GasTests.xctest */ = {isa = PBXFileReference; explicitFileType = wrapper.cfbundle; includeInIndex = 0; path = GasTests.xctest; sourceTree = BUILT_PRODUCTS_DIR; };
		EF18EAFB26092B1F00EA1F37 /* GasTests.swift */ = {isa = PBXFileReference; lastKnownFileType = sourcecode.swift; path = GasTests.swift; sourceTree = "<group>"; };
		EF18EAFD26092B1F00EA1F37 /* Info.plist */ = {isa = PBXFileReference; lastKnownFileType = text.plist.xml; path = Info.plist; sourceTree = "<group>"; };
		EF18EB0226092B1F00EA1F37 /* GasUITests.xctest */ = {isa = PBXFileReference; explicitFileType = wrapper.cfbundle; includeInIndex = 0; path = GasUITests.xctest; sourceTree = BUILT_PRODUCTS_DIR; };
		EF18EB0626092B1F00EA1F37 /* GasUITests.swift */ = {isa = PBXFileReference; lastKnownFileType = sourcecode.swift; path = GasUITests.swift; sourceTree = "<group>"; };
		EF18EB0826092B1F00EA1F37 /* Info.plist */ = {isa = PBXFileReference; lastKnownFileType = text.plist.xml; path = Info.plist; sourceTree = "<group>"; };
/* End PBXFileReference section */

/* Begin PBXFrameworksBuildPhase section */
		EF18EADE26092B1E00EA1F37 /* Frameworks */ = {
			isa = PBXFrameworksBuildPhase;
			buildActionMask = 2147483647;
			files = (
			);
			runOnlyForDeploymentPostprocessing = 0;
		};
		EF18EAF426092B1F00EA1F37 /* Frameworks */ = {
			isa = PBXFrameworksBuildPhase;
			buildActionMask = 2147483647;
			files = (
			);
			runOnlyForDeploymentPostprocessing = 0;
		};
		EF18EAFF26092B1F00EA1F37 /* Frameworks */ = {
			isa = PBXFrameworksBuildPhase;
			buildActionMask = 2147483647;
			files = (
			);
			runOnlyForDeploymentPostprocessing = 0;
		};
/* End PBXFrameworksBuildPhase section */

/* Begin PBXGroup section */
		EF18EAD826092B1E00EA1F37 = {
			isa = PBXGroup;
			children = (
				EF18EAE326092B1E00EA1F37 /* Gas */,
				EF18EAFA26092B1F00EA1F37 /* GasTests */,
				EF18EB0526092B1F00EA1F37 /* GasUITests */,
				EF18EAE226092B1E00EA1F37 /* Products */,
			);
			sourceTree = "<group>";
		};
		EF18EAE226092B1E00EA1F37 /* Products */ = {
			isa = PBXGroup;
			children = (
				EF18EAE126092B1E00EA1F37 /* Gas.app */,
				EF18EAF726092B1F00EA1F37 /* GasTests.xctest */,
				EF18EB0226092B1F00EA1F37 /* GasUITests.xctest */,
			);
			name = Products;
			sourceTree = "<group>";
		};
		EF18EAE326092B1E00EA1F37 /* Gas */ = {
			isa = PBXGroup;
			children = (
				EF18EAE426092B1E00EA1F37 /* AppDelegate.swift */,
				EF18EAE626092B1E00EA1F37 /* SceneDelegate.swift */,
				EF18EAE826092B1E00EA1F37 /* ViewController.swift */,
				EF18EAED26092B1F00EA1F37 /* Assets.xcassets */,
				EF18EAEF26092B1F00EA1F37 /* LaunchScreen.storyboard */,
				EF18EAF226092B1F00EA1F37 /* Info.plist */,
			);
			path = Gas;
			sourceTree = "<group>";
		};
		EF18EAFA26092B1F00EA1F37 /* GasTests */ = {
			isa = PBXGroup;
			children = (
				EF18EAFB26092B1F00EA1F37 /* GasTests.swift */,
				EF18EAFD26092B1F00EA1F37 /* Info.plist */,
			);
			path = GasTests;
			sourceTree = "<group>";
		};
		EF18EB0526092B1F00EA1F37 /* GasUITests */ = {
			isa = PBXGroup;
			children = (
				EF18EB0626092B1F00EA1F37 /* GasUITests.swift */,
				EF18EB0826092B1F00EA1F37 /* Info.plist */,
			);
			path = GasUITests;
			sourceTree = "<group>";
		};
/* End PBXGroup section */

/* Begin PBXNativeTarget section */
		EF18EAE026092B1E00EA1F37 /* Gas */ = {
			isa = PBXNativeTarget;
			buildConfigurationList = EF18EB0B26092B1F00EA1F37 /* Build configuration list for PBXNativeTarget "Gas" */;
			buildPhases = (
				EF18EADD26092B1E00EA1F37 /* Sources */,
				EF18EADE26092B1E00EA1F37 /* Frameworks */,
				EF18EADF26092B1E00EA1F37 /* Resources */,
			);
			buildRules = (
			);
			dependencies = (
			);
			name = Gas;
			productName = Gas;
			productReference = EF18EAE126092B1E00EA1F37 /* Gas.app */;
			productType = "com.apple.product-type.application";
		};
		EF18EAF626092B1F00EA1F37 /* GasTests */ = {
			isa = PBXNativeTarget;
			buildConfigurationList = EF18EB0E26092B1F00EA1F37 /* Build configuration list for PBXNativeTarget "GasTests" */;
			buildPhases = (
				EF18EAF326092B1F00EA1F37 /* Sources */,
				EF18EAF426092B1F00EA1F37 /* Frameworks */,
				EF18EAF526092B1F00EA1F37 /* Resources */,
			);
			buildRules = (
			);
			dependencies = (
				EF18EAF926092B1F00EA1F37 /* PBXTargetDependency */,
			);
			name = GasTests;
			productName = GasTests;
			productReference = EF18EAF726092B1F00EA1F37 /* GasTests.xctest */;
			productType = "com.apple.product-type.bundle.unit-test";
		};
		EF18EB0126092B1F00EA1F37 /* GasUITests */ = {
			isa = PBXNativeTarget;
			buildConfigurationList = EF18EB1126092B1F00EA1F37 /* Build configuration list for PBXNativeTarget "GasUITests" */;
			buildPhases = (
				EF18EAFE26092B1F00EA1F37 /* Sources */,
				EF18EAFF26092B1F00EA1F37 /* Frameworks */,
				EF18EB0026092B1F00EA1F37 /* Resources */,
			);
			buildRules = (
			);
			dependencies = (
				EF18EB0426092B1F00EA1F37 /* PBXTargetDependency */,
			);
			name = GasUITests;
			productName = GasUITests;
			productReference = EF18EB0226092B1F00EA1F37 /* GasUITests.xctest */;
			productType = "com.apple.product-type.bundle.ui-testing";
		};
/* End PBXNativeTarget section */

/* Begin PBXProject section */
		EF18EAD926092B1E00EA1F37 /* Project object */ = {
			isa = PBXProject;
			attributes = {
				LastSwiftUpdateCheck = 1230;
				LastUpgradeCheck = 1230;
				TargetAttributes = {
					EF18EAE026092B1E00EA1F37 = {
						CreatedOnToolsVersion = 12.3;
					};
					EF18EAF626092B1F00EA1F37 = {
						CreatedOnToolsVersion = 12.3;
						TestTargetID = EF18EAE026092B1E00EA1F37;
					};
					EF18EB0126092B1F00EA1F37 = {
						CreatedOnToolsVersion = 12.3;
						TestTargetID = EF18EAE026092B1E00EA1F37;
					};
				};
			};
			buildConfigurationList = EF18EADC26092B1E00EA1F37 /* Build configuration list for PBXProject "Gas" */;
			compatibilityVersion = "Xcode 9.3";
			developmentRegion = en;
			hasScannedForEncodings = 0;
			knownRegions = (
				en,
				Base,
			);
			mainGroup = EF18EAD826092B1E00EA1F37;
			productRefGroup = EF18EAE226092B1E00EA1F37 /* Products */;
			projectDirPath = "";
			projectRoot = "";
			targets = (
				EF18EAE026092B1E00EA1F37 /* Gas */,
				EF18EAF626092B1F00EA1F37 /* GasTests */,
				EF18EB0126092B1F00EA1F37 /* GasUITests */,
			);
		};
/* End PBXProject section */

/* Begin PBXResourcesBuildPhase section */
		EF18EADF26092B1E00EA1F37 /* Resources */ = {
			isa = PBXResourcesBuildPhase;
			buildActionMask = 2147483647;
			files = (
				EF18EAF126092B1F00EA1F37 /* LaunchScreen.storyboard in Resources */,
				EF18EAEE26092B1F00EA1F37 /* Assets.xcassets in Resources */,
			);
			runOnlyForDeploymentPostprocessing = 0;
		};
		EF18EAF526092B1F00EA1F37 /* Resources */ = {
			isa = PBXResourcesBuildPhase;
			buildActionMask = 2147483647;
			files = (
			);
			runOnlyForDeploymentPostprocessing = 0;
		};
		EF18EB0026092B1F00EA1F37 /* Resources */ = {
			isa = PBXResourcesBuildPhase;
			buildActionMask = 2147483647;
			files = (
			);
			runOnlyForDeploymentPostprocessing = 0;
		};
/* End PBXResourcesBuildPhase section */

/* Begin PBXSourcesBuildPhase section */
		EF18EADD26092B1E00EA1F37 /* Sources */ = {
			isa = PBXSourcesBuildPhase;
			buildActionMask = 2147483647;
			files = (
				EF18EAE926092B1E00EA1F37 /* ViewController.swift in Sources */,
				EF18EAE526092B1E00EA1F37 /* AppDelegate.swift in Sources */,
				EF18EAE726092B1E00EA1F37 /* SceneDelegate.swift in Sources */,
			);
			runOnlyForDeploymentPostprocessing = 0;
		};
		EF18EAF326092B1F00EA1F37 /* Sources */ = {
			isa = PBXSourcesBuildPhase;
			buildActionMask = 2147483647;
			files = (
				EF18EAFC26092B1F00EA1F37 /* GasTests.swift in Sources */,
			);
			runOnlyForDeploymentPostprocessing = 0;
		};
		EF18EAFE26092B1F00EA1F37 /* Sources */ = {
			isa = PBXSourcesBuildPhase;
			buildActionMask = 2147483647;
			files = (
				EF18EB0726092B1F00EA1F37 /* GasUITests.swift in Sources */,
			);
			runOnlyForDeploymentPostprocessing = 0;
		};
/* End PBXSourcesBuildPhase section */

/* Begin PBXTargetDependency section */
		EF18EAF926092B1F00EA1F37 /* PBXTargetDependency */ = {
			isa = PBXTargetDependency;
			target = EF18EAE026092B1E00EA1F37 /* Gas */;
			targetProxy = EF18EAF826092B1F00EA1F37 /* PBXContainerItemProxy */;
		};
		EF18EB0426092B1F00EA1F37 /* PBXTargetDependency */ = {
			isa = PBXTargetDependency;
			target = EF18EAE026092B1E00EA1F37 /* Gas */;
			targetProxy = EF18EB0326092B1F00EA1F37 /* PBXContainerItemProxy */;
		};
/* End PBXTargetDependency section */

/* Begin PBXVariantGroup section */
		EF18EAEF26092B1F00EA1F37 /* LaunchScreen.storyboard */ = {
			isa = PBXVariantGroup;
			children = (
				EF18EAF026092B1F00EA1F37 /* Base */,
			);
			name = LaunchScreen.storyboard;
			sourceTree = "<group>";
		};
/* End PBXVariantGroup section */

/* Begin XCBuildConfiguration section */
		EF18EB0926092B1F00EA1F37 /* Debug */ = {
			isa = XCBuildConfiguration;
			buildSettings = {
				ALWAYS_SEARCH_USER_PATHS = NO;
				CLANG_ANALYZER_NONNULL = YES;
				CLANG_ANALYZER_NUMBER_OBJECT_CONVERSION = YES_AGGRESSIVE;
				CLANG_CXX_LANGUAGE_STANDARD = "gnu++14";
				CLANG_CXX_LIBRARY = "libc++";
				CLANG_ENABLE_MODULES = YES;
				CLANG_ENABLE_OBJC_ARC = YES;
				CLANG_ENABLE_OBJC_WEAK = YES;
				CLANG_WARN_BLOCK_CAPTURE_AUTORELEASING = YES;
				CLANG_WARN_BOOL_CONVERSION = YES;
				CLANG_WARN_COMMA = YES;
				CLANG_WARN_CONSTANT_CONVERSION = YES;
				CLANG_WARN_DEPRECATED_OBJC_IMPLEMENTATIONS = YES;
				CLANG_WARN_DIRECT_OBJC_ISA_USAGE = YES_ERROR;
				CLANG_WARN_DOCUMENTATION_COMMENTS = YES;
				CLANG_WARN_EMPTY_BODY = YES;
				CLANG_WARN_ENUM_CONVERSION = YES;
				CLANG_WARN_INFINITE_RECURSION = YES;
				CLANG_WARN_INT_CONVERSION = YES;
				CLANG_WARN_NON_LITERAL_NULL_CONVERSION = YES;
				CLANG_WARN_OBJC_IMPLICIT_RETAIN_SELF = YES;
				CLANG_WARN_OBJC_LITERAL_CONVERSION = YES;
				CLANG_WARN_OBJC_ROOT_CLASS = YES_ERROR;
				CLANG_WARN_QUOTED_INCLUDE_IN_FRAMEWORK_HEADER = YES;
				CLANG_WARN_RANGE_LOOP_ANALYSIS = YES;
				CLANG_WARN_STRICT_PROTOTYPES = YES;
				CLANG_WARN_SUSPICIOUS_MOVE = YES;
				CLANG_WARN_UNGUARDED_AVAILABILITY = YES_AGGRESSIVE;
				CLANG_WARN_UNREACHABLE_CODE = YES;
				CLANG_WARN__DUPLICATE_METHOD_MATCH = YES;
				COPY_PHASE_STRIP = NO;
				DEBUG_INFORMATION_FORMAT = dwarf;
				ENABLE_STRICT_OBJC_MSGSEND = YES;
				ENABLE_TESTABILITY = YES;
				GCC_C_LANGUAGE_STANDARD = gnu11;
				GCC_DYNAMIC_NO_PIC = NO;
				GCC_NO_COMMON_BLOCKS = YES;
				GCC_OPTIMIZATION_LEVEL = 0;
				GCC_PREPROCESSOR_DEFINITIONS = (
					"DEBUG=1",
					"$(inherited)",
				);
				GCC_WARN_64_TO_32_BIT_CONVERSION = YES;
				GCC_WARN_ABOUT_RETURN_TYPE = YES_ERROR;
				GCC_WARN_UNDECLARED_SELECTOR = YES;
				GCC_WARN_UNINITIALIZED_AUTOS = YES_AGGRESSIVE;
				GCC_WARN_UNUSED_FUNCTION = YES;
				GCC_WARN_UNUSED_VARIABLE = YES;
				IPHONEOS_DEPLOYMENT_TARGET = 14.3;
				MTL_ENABLE_DEBUG_INFO = INCLUDE_SOURCE;
				MTL_FAST_MATH = YES;
				ONLY_ACTIVE_ARCH = YES;
				SDKROOT = iphoneos;
				SWIFT_ACTIVE_COMPILATION_CONDITIONS = DEBUG;
				SWIFT_OPTIMIZATION_LEVEL = "-Onone";
			};
			name = Debug;
		};
		EF18EB0A26092B1F00EA1F37 /* Release */ = {
			isa = XCBuildConfiguration;
			buildSettings = {
				ALWAYS_SEARCH_USER_PATHS = NO;
				CLANG_ANALYZER_NONNULL = YES;
				CLANG_ANALYZER_NUMBER_OBJECT_CONVERSION = YES_AGGRESSIVE;
				CLANG_CXX_LANGUAGE_STANDARD = "gnu++14";
				CLANG_CXX_LIBRARY = "libc++";
				CLANG_ENABLE_MODULES = YES;
				CLANG_ENABLE_OBJC_ARC = YES;
				CLANG_ENABLE_OBJC_WEAK = YES;
				CLANG_WARN_BLOCK_CAPTURE_AUTORELEASING = YES;
				CLANG_WARN_BOOL_CONVERSION = YES;
				CLANG_WARN_COMMA = YES;
				CLANG_WARN_CONSTANT_CONVERSION = YES;
				CLANG_WARN_DEPRECATED_OBJC_IMPLEMENTATIONS = YES;
				CLANG_WARN_DIRECT_OBJC_ISA_USAGE = YES_ERROR;
				CLANG_WARN_DOCUMENTATION_COMMENTS = YES;
				CLANG_WARN_EMPTY_BODY = YES;
				CLANG_WARN_ENUM_CONVERSION = YES;
				CLANG_WARN_INFINITE_RECURSION = YES;
				CLANG_WARN_INT_CONVERSION = YES;
				CLANG_WARN_NON_LITERAL_NULL_CONVERSION = YES;
				CLANG_WARN_OBJC_IMPLICIT_RETAIN_SELF = YES;
				CLANG_WARN_OBJC_LITERAL_CONVERSION = YES;
				CLANG_WARN_OBJC_ROOT_CLASS = YES_ERROR;
				CLANG_WARN_QUOTED_INCLUDE_IN_FRAMEWORK_HEADER = YES;
				CLANG_WARN_RANGE_LOOP_ANALYSIS = YES;
				CLANG_WARN_STRICT_PROTOTYPES = YES;
				CLANG_WARN_SUSPICIOUS_MOVE = YES;
				CLANG_WARN_UNGUARDED_AVAILABILITY = YES_AGGRESSIVE;
				CLANG_WARN_UNREACHABLE_CODE = YES;
				CLANG_WARN__DUPLICATE_METHOD_MATCH = YES;
				COPY_PHASE_STRIP = NO;
				DEBUG_INFORMATION_FORMAT = "dwarf-with-dsym";
				ENABLE_NS_ASSERTIONS = NO;
				ENABLE_STRICT_OBJC_MSGSEND = YES;
				GCC_C_LANGUAGE_STANDARD = gnu11;
				GCC_NO_COMMON_BLOCKS = YES;
				GCC_WARN_64_TO_32_BIT_CONVERSION = YES;
				GCC_WARN_ABOUT_RETURN_TYPE = YES_ERROR;
				GCC_WARN_UNDECLARED_SELECTOR = YES;
				GCC_WARN_UNINITIALIZED_AUTOS = YES_AGGRESSIVE;
				GCC_WARN_UNUSED_FUNCTION = YES;
				GCC_WARN_UNUSED_VARIABLE = YES;
				IPHONEOS_DEPLOYMENT_TARGET = 14.3;
				MTL_ENABLE_DEBUG_INFO = NO;
				MTL_FAST_MATH = YES;
				SDKROOT = iphoneos;
				SWIFT_COMPILATION_MODE = wholemodule;
				SWIFT_OPTIMIZATION_LEVEL = "-O";
				VALIDATE_PRODUCT = YES;
			};
			name = Release;
		};
		EF18EB0C26092B1F00EA1F37 /* Debug */ = {
			isa = XCBuildConfiguration;
			buildSettings = {
				ASSETCATALOG_COMPILER_APPICON_NAME = AppIcon;
				ASSETCATALOG_COMPILER_GLOBAL_ACCENT_COLOR_NAME = AccentColor;
				CODE_SIGN_STYLE = Automatic;
				INFOPLIST_FILE = Gas/Info.plist;
				LD_RUNPATH_SEARCH_PATHS = (
					"$(inherited)",
					"@executable_path/Frameworks",
				);
				PRODUCT_BUNDLE_IDENTIFIER = sdu.Gas;
				PRODUCT_NAME = "$(TARGET_NAME)";
				SWIFT_VERSION = 5.0;
				TARGETED_DEVICE_FAMILY = "1,2";
			};
			name = Debug;
		};
		EF18EB0D26092B1F00EA1F37 /* Release */ = {
			isa = XCBuildConfiguration;
			buildSettings = {
				ASSETCATALOG_COMPILER_APPICON_NAME = AppIcon;
				ASSETCATALOG_COMPILER_GLOBAL_ACCENT_COLOR_NAME = AccentColor;
				CODE_SIGN_STYLE = Automatic;
				INFOPLIST_FILE = Gas/Info.plist;
				LD_RUNPATH_SEARCH_PATHS = (
					"$(inherited)",
					"@executable_path/Frameworks",
				);
				PRODUCT_BUNDLE_IDENTIFIER = sdu.Gas;
				PRODUCT_NAME = "$(TARGET_NAME)";
				SWIFT_VERSION = 5.0;
				TARGETED_DEVICE_FAMILY = "1,2";
			};
			name = Release;
		};
		EF18EB0F26092B1F00EA1F37 /* Debug */ = {
			isa = XCBuildConfiguration;
			buildSettings = {
				ALWAYS_EMBED_SWIFT_STANDARD_LIBRARIES = YES;
				BUNDLE_LOADER = "$(TEST_HOST)";
				CODE_SIGN_STYLE = Automatic;
				INFOPLIST_FILE = GasTests/Info.plist;
				IPHONEOS_DEPLOYMENT_TARGET = 14.3;
				LD_RUNPATH_SEARCH_PATHS = (
					"$(inherited)",
					"@executable_path/Frameworks",
					"@loader_path/Frameworks",
				);
				PRODUCT_BUNDLE_IDENTIFIER = sdu.GasTests;
				PRODUCT_NAME = "$(TARGET_NAME)";
				SWIFT_VERSION = 5.0;
				TARGETED_DEVICE_FAMILY = "1,2";
				TEST_HOST = "$(BUILT_PRODUCTS_DIR)/Gas.app/Gas";
			};
			name = Debug;
		};
		EF18EB1026092B1F00EA1F37 /* Release */ = {
			isa = XCBuildConfiguration;
			buildSettings = {
				ALWAYS_EMBED_SWIFT_STANDARD_LIBRARIES = YES;
				BUNDLE_LOADER = "$(TEST_HOST)";
				CODE_SIGN_STYLE = Automatic;
				INFOPLIST_FILE = GasTests/Info.plist;
				IPHONEOS_DEPLOYMENT_TARGET = 14.3;
				LD_RUNPATH_SEARCH_PATHS = (
					"$(inherited)",
					"@executable_path/Frameworks",
					"@loader_path/Frameworks",
				);
				PRODUCT_BUNDLE_IDENTIFIER = sdu.GasTests;
				PRODUCT_NAME = "$(TARGET_NAME)";
				SWIFT_VERSION = 5.0;
				TARGETED_DEVICE_FAMILY = "1,2";
				TEST_HOST = "$(BUILT_PRODUCTS_DIR)/Gas.app/Gas";
			};
			name = Release;
		};
		EF18EB1226092B1F00EA1F37 /* Debug */ = {
			isa = XCBuildConfiguration;
			buildSettings = {
				ALWAYS_EMBED_SWIFT_STANDARD_LIBRARIES = YES;
				CODE_SIGN_STYLE = Automatic;
				INFOPLIST_FILE = GasUITests/Info.plist;
				LD_RUNPATH_SEARCH_PATHS = (
					"$(inherited)",
					"@executable_path/Frameworks",
					"@loader_path/Frameworks",
				);
				PRODUCT_BUNDLE_IDENTIFIER = sdu.GasUITests;
				PRODUCT_NAME = "$(TARGET_NAME)";
				SWIFT_VERSION = 5.0;
				TARGETED_DEVICE_FAMILY = "1,2";
				TEST_TARGET_NAME = Gas;
			};
			name = Debug;
		};
		EF18EB1326092B1F00EA1F37 /* Release */ = {
			isa = XCBuildConfiguration;
			buildSettings = {
				ALWAYS_EMBED_SWIFT_STANDARD_LIBRARIES = YES;
				CODE_SIGN_STYLE = Automatic;
				INFOPLIST_FILE = GasUITests/Info.plist;
				LD_RUNPATH_SEARCH_PATHS = (
					"$(inherited)",
					"@executable_path/Frameworks",
					"@loader_path/Frameworks",
				);
				PRODUCT_BUNDLE_IDENTIFIER = sdu.GasUITests;
				PRODUCT_NAME = "$(TARGET_NAME)";
				SWIFT_VERSION = 5.0;
				TARGETED_DEVICE_FAMILY = "1,2";
				TEST_TARGET_NAME = Gas;
			};
			name = Release;
		};
/* End XCBuildConfiguration section */

/* Begin XCConfigurationList section */
		EF18EADC26092B1E00EA1F37 /* Build configuration list for PBXProject "Gas" */ = {
			isa = XCConfigurationList;
			buildConfigurations = (
				EF18EB0926092B1F00EA1F37 /* Debug */,
				EF18EB0A26092B1F00EA1F37 /* Release */,
			);
			defaultConfigurationIsVisible = 0;
			defaultConfigurationName = Release;
		};
		EF18EB0B26092B1F00EA1F37 /* Build configuration list for PBXNativeTarget "Gas" */ = {
			isa = XCConfigurationList;
			buildConfigurations = (
				EF18EB0C26092B1F00EA1F37 /* Debug */,
				EF18EB0D26092B1F00EA1F37 /* Release */,
			);
			defaultConfigurationIsVisible = 0;
			defaultConfigurationName = Release;
		};
		EF18EB0E26092B1F00EA1F37 /* Build configuration list for PBXNativeTarget "GasTests" */ = {
			isa = XCConfigurationList;
			buildConfigurations = (
				EF18EB0F26092B1F00EA1F37 /* Debug */,
				EF18EB1026092B1F00EA1F37 /* Release */,
			);
			defaultConfigurationIsVisible = 0;
			defaultConfigurationName = Release;
		};
		EF18EB1126092B1F00EA1F37 /* Build configuration list for PBXNativeTarget "GasUITests" */ = {
			isa = XCConfigurationList;
			buildConfigurations = (
				EF18EB1226092B1F00EA1F37 /* Debug */,
				EF18EB1326092B1F00EA1F37 /* Release */,
			);
			defaultConfigurationIsVisible = 0;
			defaultConfigurationName = Release;
		};
/* End XCConfigurationList section */
	};
	rootObject = EF18EAD926092B1E00EA1F37 /* Project object */;
}
