// !$*UTF8*$!
{
	archiveVersion = 1;
	classes = {
	};
	objectVersion = 51;
	objects = {

/* Begin PBXBuildFile section */
		A0B2C983150FEA7F989B43F7 /* Pods_Gas.framework in Frameworks */ = {isa = PBXBuildFile; fileRef = 2C595ACD0122E19A1CEABE50 /* Pods_Gas.framework */; };
		EF0951FF262334C800AD02BB /* AddPersonalAccountTest.swift in Sources */ = {isa = PBXBuildFile; fileRef = EF0951FE262334C800AD02BB /* AddPersonalAccountTest.swift */; };
		EF18EAE526092B1E00EA1F37 /* AppDelegate.swift in Sources */ = {isa = PBXBuildFile; fileRef = EF18EAE426092B1E00EA1F37 /* AppDelegate.swift */; };
		EF18EAE726092B1E00EA1F37 /* SceneDelegate.swift in Sources */ = {isa = PBXBuildFile; fileRef = EF18EAE626092B1E00EA1F37 /* SceneDelegate.swift */; };
		EF18EAEE26092B1F00EA1F37 /* Assets.xcassets in Resources */ = {isa = PBXBuildFile; fileRef = EF18EAED26092B1F00EA1F37 /* Assets.xcassets */; };
		EF18EAF126092B1F00EA1F37 /* LaunchScreen.storyboard in Resources */ = {isa = PBXBuildFile; fileRef = EF18EAEF26092B1F00EA1F37 /* LaunchScreen.storyboard */; };
		EF1D782826152A9D00168CF9 /* InitialViewController.swift in Sources */ = {isa = PBXBuildFile; fileRef = EF1D782726152A9D00168CF9 /* InitialViewController.swift */; };
		EF2DBAF32619E52F008C2B6E /* StringExtension.swift in Sources */ = {isa = PBXBuildFile; fileRef = EF2DBAF22619E52F008C2B6E /* StringExtension.swift */; };
		EF7965E326152D800052751C /* Constants.swift in Sources */ = {isa = PBXBuildFile; fileRef = EF7965E226152D800052751C /* Constants.swift */; };
		EF7965F626152FEC0052751C /* Colors.swift in Sources */ = {isa = PBXBuildFile; fileRef = EF7965F526152FEC0052751C /* Colors.swift */; };
		EF7966052615336F0052751C /* LabelFactory.swift in Sources */ = {isa = PBXBuildFile; fileRef = EF7966042615336F0052751C /* LabelFactory.swift */; };
		EF79660B2615348F0052751C /* LabelExtension.swift in Sources */ = {isa = PBXBuildFile; fileRef = EF79660A2615348F0052751C /* LabelExtension.swift */; };
		EF796610261536CC0052751C /* SpaceFactory.swift in Sources */ = {isa = PBXBuildFile; fileRef = EF79660F261536CC0052751C /* SpaceFactory.swift */; };
		EF79661626153F810052751C /* MaskedTextField.swift in Sources */ = {isa = PBXBuildFile; fileRef = EF79661526153F810052751C /* MaskedTextField.swift */; };
		EF92E6B6261D773D00E9ECEA /* Button.swift in Sources */ = {isa = PBXBuildFile; fileRef = EF92E6B5261D773D00E9ECEA /* Button.swift */; };
		EF92E6BB261D778400E9ECEA /* ViewExtension.swift in Sources */ = {isa = PBXBuildFile; fileRef = EF92E6BA261D778400E9ECEA /* ViewExtension.swift */; };
		EF92E6DA261D858C00E9ECEA /* Localizable.strings in Resources */ = {isa = PBXBuildFile; fileRef = EF92E6DC261D858C00E9ECEA /* Localizable.strings */; };
		EF92E6E6261D86BD00E9ECEA /* Assets.swift in Sources */ = {isa = PBXBuildFile; fileRef = EF92E6E2261D86BD00E9ECEA /* Assets.swift */; };
		EF92E6E9261D86BD00E9ECEA /* Text.swift in Sources */ = {isa = PBXBuildFile; fileRef = EF92E6E5261D86BD00E9ECEA /* Text.swift */; };
		EF92E723261D8FD200E9ECEA /* RegistrationCoordinatorTests.swift in Sources */ = {isa = PBXBuildFile; fileRef = EF92E71E261D8FD200E9ECEA /* RegistrationCoordinatorTests.swift */; };
		EF92E724261D8FD200E9ECEA /* InitialViewControllerTests.swift in Sources */ = {isa = PBXBuildFile; fileRef = EF92E720261D8FD200E9ECEA /* InitialViewControllerTests.swift */; };
		EF92E725261D8FD200E9ECEA /* GasTests.swift in Sources */ = {isa = PBXBuildFile; fileRef = EF92E721261D8FD200E9ECEA /* GasTests.swift */; };
		EF92E749261DA3F600E9ECEA /* AddPersonalAccountViewController.swift in Sources */ = {isa = PBXBuildFile; fileRef = EF92E748261DA3F600E9ECEA /* AddPersonalAccountViewController.swift */; };
		EF92E75A261DA43E00E9ECEA /* RegistrationCoordinator.swift in Sources */ = {isa = PBXBuildFile; fileRef = EF92E759261DA43E00E9ECEA /* RegistrationCoordinator.swift */; };
/* End PBXBuildFile section */

/* Begin PBXContainerItemProxy section */
		EF18EAF826092B1F00EA1F37 /* PBXContainerItemProxy */ = {
			isa = PBXContainerItemProxy;
			containerPortal = EF18EAD926092B1E00EA1F37 /* Project object */;
			proxyType = 1;
			remoteGlobalIDString = EF18EAE026092B1E00EA1F37;
			remoteInfo = Gas;
		};
/* End PBXContainerItemProxy section */

/* Begin PBXFileReference section */
		1FDA8AA05A8F9DAD45AF6D99 /* Pods-Gas.release.xcconfig */ = {isa = PBXFileReference; includeInIndex = 1; lastKnownFileType = text.xcconfig; name = "Pods-Gas.release.xcconfig"; path = "Target Support Files/Pods-Gas/Pods-Gas.release.xcconfig"; sourceTree = "<group>"; };
		2C595ACD0122E19A1CEABE50 /* Pods_Gas.framework */ = {isa = PBXFileReference; explicitFileType = wrapper.framework; includeInIndex = 0; path = Pods_Gas.framework; sourceTree = BUILT_PRODUCTS_DIR; };
		EF0951FE262334C800AD02BB /* AddPersonalAccountTest.swift */ = {isa = PBXFileReference; lastKnownFileType = sourcecode.swift; path = AddPersonalAccountTest.swift; sourceTree = "<group>"; };
		EF18EAE126092B1E00EA1F37 /* Gas.app */ = {isa = PBXFileReference; explicitFileType = wrapper.application; includeInIndex = 0; path = Gas.app; sourceTree = BUILT_PRODUCTS_DIR; };
		EF18EAE426092B1E00EA1F37 /* AppDelegate.swift */ = {isa = PBXFileReference; lastKnownFileType = sourcecode.swift; path = AppDelegate.swift; sourceTree = "<group>"; };
		EF18EAE626092B1E00EA1F37 /* SceneDelegate.swift */ = {isa = PBXFileReference; lastKnownFileType = sourcecode.swift; path = SceneDelegate.swift; sourceTree = "<group>"; };
		EF18EAED26092B1F00EA1F37 /* Assets.xcassets */ = {isa = PBXFileReference; lastKnownFileType = folder.assetcatalog; path = Assets.xcassets; sourceTree = "<group>"; };
		EF18EAF026092B1F00EA1F37 /* Base */ = {isa = PBXFileReference; lastKnownFileType = file.storyboard; name = Base; path = Base.lproj/LaunchScreen.storyboard; sourceTree = "<group>"; };
		EF18EAF226092B1F00EA1F37 /* Info.plist */ = {isa = PBXFileReference; lastKnownFileType = text.plist.xml; path = Info.plist; sourceTree = "<group>"; };
		EF18EAF726092B1F00EA1F37 /* GasTests.xctest */ = {isa = PBXFileReference; explicitFileType = wrapper.cfbundle; includeInIndex = 0; path = GasTests.xctest; sourceTree = BUILT_PRODUCTS_DIR; };
		EF1D782726152A9D00168CF9 /* InitialViewController.swift */ = {isa = PBXFileReference; lastKnownFileType = sourcecode.swift; path = InitialViewController.swift; sourceTree = "<group>"; };
		EF2DBAF22619E52F008C2B6E /* StringExtension.swift */ = {isa = PBXFileReference; lastKnownFileType = sourcecode.swift; path = StringExtension.swift; sourceTree = "<group>"; };
		EF7965E226152D800052751C /* Constants.swift */ = {isa = PBXFileReference; lastKnownFileType = sourcecode.swift; path = Constants.swift; sourceTree = "<group>"; };
		EF7965F526152FEC0052751C /* Colors.swift */ = {isa = PBXFileReference; lastKnownFileType = sourcecode.swift; path = Colors.swift; sourceTree = "<group>"; };
		EF7966042615336F0052751C /* LabelFactory.swift */ = {isa = PBXFileReference; lastKnownFileType = sourcecode.swift; path = LabelFactory.swift; sourceTree = "<group>"; };
		EF79660A2615348F0052751C /* LabelExtension.swift */ = {isa = PBXFileReference; lastKnownFileType = sourcecode.swift; path = LabelExtension.swift; sourceTree = "<group>"; };
		EF79660F261536CC0052751C /* SpaceFactory.swift */ = {isa = PBXFileReference; lastKnownFileType = sourcecode.swift; path = SpaceFactory.swift; sourceTree = "<group>"; };
		EF79661526153F810052751C /* MaskedTextField.swift */ = {isa = PBXFileReference; lastKnownFileType = sourcecode.swift; path = MaskedTextField.swift; sourceTree = "<group>"; };
		EF92E6B5261D773D00E9ECEA /* Button.swift */ = {isa = PBXFileReference; lastKnownFileType = sourcecode.swift; path = Button.swift; sourceTree = "<group>"; };
		EF92E6BA261D778400E9ECEA /* ViewExtension.swift */ = {isa = PBXFileReference; lastKnownFileType = sourcecode.swift; path = ViewExtension.swift; sourceTree = "<group>"; };
		EF92E6D0261D852400E9ECEA /* ru */ = {isa = PBXFileReference; lastKnownFileType = text.plist.strings; name = ru; path = ru.lproj/LaunchScreen.strings; sourceTree = "<group>"; };
		EF92E6DB261D858C00E9ECEA /* en */ = {isa = PBXFileReference; lastKnownFileType = text.plist.strings; name = en; path = en.lproj/Localizable.strings; sourceTree = "<group>"; };
		EF92E6E0261D859100E9ECEA /* ru */ = {isa = PBXFileReference; lastKnownFileType = text.plist.strings; name = ru; path = ru.lproj/Localizable.strings; sourceTree = "<group>"; };
		EF92E6E2261D86BD00E9ECEA /* Assets.swift */ = {isa = PBXFileReference; fileEncoding = 4; lastKnownFileType = sourcecode.swift; path = Assets.swift; sourceTree = "<group>"; };
		EF92E6E5261D86BD00E9ECEA /* Text.swift */ = {isa = PBXFileReference; fileEncoding = 4; lastKnownFileType = sourcecode.swift; path = Text.swift; sourceTree = "<group>"; };
		EF92E71E261D8FD200E9ECEA /* RegistrationCoordinatorTests.swift */ = {isa = PBXFileReference; fileEncoding = 4; lastKnownFileType = sourcecode.swift; path = RegistrationCoordinatorTests.swift; sourceTree = "<group>"; };
		EF92E720261D8FD200E9ECEA /* InitialViewControllerTests.swift */ = {isa = PBXFileReference; fileEncoding = 4; lastKnownFileType = sourcecode.swift; path = InitialViewControllerTests.swift; sourceTree = "<group>"; };
		EF92E721261D8FD200E9ECEA /* GasTests.swift */ = {isa = PBXFileReference; fileEncoding = 4; lastKnownFileType = sourcecode.swift; path = GasTests.swift; sourceTree = "<group>"; };
		EF92E722261D8FD200E9ECEA /* Info.plist */ = {isa = PBXFileReference; fileEncoding = 4; lastKnownFileType = text.plist.xml; path = Info.plist; sourceTree = "<group>"; };
		EF92E748261DA3F600E9ECEA /* AddPersonalAccountViewController.swift */ = {isa = PBXFileReference; fileEncoding = 4; lastKnownFileType = sourcecode.swift; path = AddPersonalAccountViewController.swift; sourceTree = "<group>"; };
		EF92E759261DA43E00E9ECEA /* RegistrationCoordinator.swift */ = {isa = PBXFileReference; fileEncoding = 4; lastKnownFileType = sourcecode.swift; path = RegistrationCoordinator.swift; sourceTree = "<group>"; };
		F62F2FD548E43B5A7701739C /* Pods-Gas.debug.xcconfig */ = {isa = PBXFileReference; includeInIndex = 1; lastKnownFileType = text.xcconfig; name = "Pods-Gas.debug.xcconfig"; path = "Target Support Files/Pods-Gas/Pods-Gas.debug.xcconfig"; sourceTree = "<group>"; };
/* End PBXFileReference section */

/* Begin PBXFrameworksBuildPhase section */
		EF18EADE26092B1E00EA1F37 /* Frameworks */ = {
			isa = PBXFrameworksBuildPhase;
			buildActionMask = 2147483647;
			files = (
				A0B2C983150FEA7F989B43F7 /* Pods_Gas.framework in Frameworks */,
			);
			runOnlyForDeploymentPostprocessing = 0;
		};
		EF18EAF426092B1F00EA1F37 /* Frameworks */ = {
			isa = PBXFrameworksBuildPhase;
			buildActionMask = 2147483647;
			files = (
			);
			runOnlyForDeploymentPostprocessing = 0;
		};
/* End PBXFrameworksBuildPhase section */

/* Begin PBXGroup section */
		23B2F3B3801ECCC1FA189EFF /* Frameworks */ = {
			isa = PBXGroup;
			children = (
				2C595ACD0122E19A1CEABE50 /* Pods_Gas.framework */,
			);
			name = Frameworks;
			sourceTree = "<group>";
		};
		6A7382BB674D916742CB156F /* Pods */ = {
			isa = PBXGroup;
			children = (
				F62F2FD548E43B5A7701739C /* Pods-Gas.debug.xcconfig */,
				1FDA8AA05A8F9DAD45AF6D99 /* Pods-Gas.release.xcconfig */,
			);
			path = Pods;
			sourceTree = "<group>";
		};
		EF0951FC262334A600AD02BB /* Modules */ = {
			isa = PBXGroup;
			children = (
				EF0951FD262334AE00AD02BB /* AddPersonalAccount */,
			);
			path = Modules;
			sourceTree = "<group>";
		};
		EF0951FD262334AE00AD02BB /* AddPersonalAccount */ = {
			isa = PBXGroup;
			children = (
				EF0951FE262334C800AD02BB /* AddPersonalAccountTest.swift */,
			);
			path = AddPersonalAccount;
			sourceTree = "<group>";
		};
		EF18EAD826092B1E00EA1F37 = {
			isa = PBXGroup;
			children = (
				EF18EAE326092B1E00EA1F37 /* Gas */,
				EF92E71B261D8FD200E9ECEA /* GasTests */,
				EF18EAE226092B1E00EA1F37 /* Products */,
				6A7382BB674D916742CB156F /* Pods */,
				23B2F3B3801ECCC1FA189EFF /* Frameworks */,
			);
			sourceTree = "<group>";
		};
		EF18EAE226092B1E00EA1F37 /* Products */ = {
			isa = PBXGroup;
			children = (
				EF18EAE126092B1E00EA1F37 /* Gas.app */,
				EF18EAF726092B1F00EA1F37 /* GasTests.xctest */,
			);
			name = Products;
			sourceTree = "<group>";
		};
		EF18EAE326092B1E00EA1F37 /* Gas */ = {
			isa = PBXGroup;
			children = (
				EF92E6E1261D86BD00E9ECEA /* Generated */,
				EF79661426153F720052751C /* UIKit */,
				EF7965FA261533460052751C /* Core */,
				EF7965E126152D6D0052751C /* Common */,
				EF1D782426152A5300168CF9 /* Modules */,
				EF92E6D4261D855800E9ECEA /* Resources */,
				EF18EAE426092B1E00EA1F37 /* AppDelegate.swift */,
				EF18EAE626092B1E00EA1F37 /* SceneDelegate.swift */,
				EF18EAEF26092B1F00EA1F37 /* LaunchScreen.storyboard */,
				EF18EAF226092B1F00EA1F37 /* Info.plist */,
			);
			path = Gas;
			sourceTree = "<group>";
		};
		EF1D782426152A5300168CF9 /* Modules */ = {
			isa = PBXGroup;
			children = (
				EF92E747261DA3F600E9ECEA /* AddPersonalAccount */,
				EF1D782626152A8B00168CF9 /* Initial */,
			);
			path = Modules;
			sourceTree = "<group>";
		};
		EF1D782626152A8B00168CF9 /* Initial */ = {
			isa = PBXGroup;
			children = (
				EF1D783A26152C2B00168CF9 /* View */,
			);
			path = Initial;
			sourceTree = "<group>";
		};
		EF1D783A26152C2B00168CF9 /* View */ = {
			isa = PBXGroup;
			children = (
				EF1D782726152A9D00168CF9 /* InitialViewController.swift */,
			);
			path = View;
			sourceTree = "<group>";
		};
		EF7965E126152D6D0052751C /* Common */ = {
			isa = PBXGroup;
			children = (
				EF7965E226152D800052751C /* Constants.swift */,
				EF7965F526152FEC0052751C /* Colors.swift */,
			);
			path = Common;
			sourceTree = "<group>";
		};
		EF7965FA261533460052751C /* Core */ = {
			isa = PBXGroup;
			children = (
				EF92E758261DA43E00E9ECEA /* Coordinators */,
				EF7966092615347F0052751C /* Extensions */,
				EF796600261533590052751C /* Factories */,
			);
			path = Core;
			sourceTree = "<group>";
		};
		EF796600261533590052751C /* Factories */ = {
			isa = PBXGroup;
			children = (
				EF7966042615336F0052751C /* LabelFactory.swift */,
				EF79660F261536CC0052751C /* SpaceFactory.swift */,
			);
			path = Factories;
			sourceTree = "<group>";
		};
		EF7966092615347F0052751C /* Extensions */ = {
			isa = PBXGroup;
			children = (
				EF79660A2615348F0052751C /* LabelExtension.swift */,
				EF2DBAF22619E52F008C2B6E /* StringExtension.swift */,
				EF92E6BA261D778400E9ECEA /* ViewExtension.swift */,
			);
			path = Extensions;
			sourceTree = "<group>";
		};
		EF79661426153F720052751C /* UIKit */ = {
			isa = PBXGroup;
			children = (
				EF79661526153F810052751C /* MaskedTextField.swift */,
				EF92E6B5261D773D00E9ECEA /* Button.swift */,
			);
			path = UIKit;
			sourceTree = "<group>";
		};
		EF92E6D4261D855800E9ECEA /* Resources */ = {
			isa = PBXGroup;
			children = (
				EF18EAED26092B1F00EA1F37 /* Assets.xcassets */,
				EF92E6DC261D858C00E9ECEA /* Localizable.strings */,
			);
			path = Resources;
			sourceTree = "<group>";
		};
		EF92E6E1261D86BD00E9ECEA /* Generated */ = {
			isa = PBXGroup;
			children = (
				EF92E6E2261D86BD00E9ECEA /* Assets.swift */,
				EF92E6E5261D86BD00E9ECEA /* Text.swift */,
			);
			path = Generated;
			sourceTree = "<group>";
		};
		EF92E71B261D8FD200E9ECEA /* GasTests */ = {
			isa = PBXGroup;
			children = (
				EF0951FC262334A600AD02BB /* Modules */,
				EF92E71C261D8FD200E9ECEA /* Coordinators */,
				EF92E71F261D8FD200E9ECEA /* Initial */,
				EF92E721261D8FD200E9ECEA /* GasTests.swift */,
				EF92E722261D8FD200E9ECEA /* Info.plist */,
			);
			path = GasTests;
			sourceTree = "<group>";
		};
		EF92E71C261D8FD200E9ECEA /* Coordinators */ = {
			isa = PBXGroup;
			children = (
				EF92E71D261D8FD200E9ECEA /* RegistrationCoordinator */,
			);
			path = Coordinators;
			sourceTree = "<group>";
		};
		EF92E71D261D8FD200E9ECEA /* RegistrationCoordinator */ = {
			isa = PBXGroup;
			children = (
				EF92E71E261D8FD200E9ECEA /* RegistrationCoordinatorTests.swift */,
			);
			path = RegistrationCoordinator;
			sourceTree = "<group>";
		};
		EF92E71F261D8FD200E9ECEA /* Initial */ = {
			isa = PBXGroup;
			children = (
				EF92E720261D8FD200E9ECEA /* InitialViewControllerTests.swift */,
			);
			path = Initial;
			sourceTree = "<group>";
		};
		EF92E747261DA3F600E9ECEA /* AddPersonalAccount */ = {
			isa = PBXGroup;
			children = (
				EF92E748261DA3F600E9ECEA /* AddPersonalAccountViewController.swift */,
			);
			path = AddPersonalAccount;
			sourceTree = "<group>";
		};
		EF92E758261DA43E00E9ECEA /* Coordinators */ = {
			isa = PBXGroup;
			children = (
				EF92E759261DA43E00E9ECEA /* RegistrationCoordinator.swift */,
			);
			path = Coordinators;
			sourceTree = "<group>";
		};
/* End PBXGroup section */

/* Begin PBXNativeTarget section */
		EF18EAE026092B1E00EA1F37 /* Gas */ = {
			isa = PBXNativeTarget;
			buildConfigurationList = EF18EB0B26092B1F00EA1F37 /* Build configuration list for PBXNativeTarget "Gas" */;
			buildPhases = (
				C91306712122B1DB7B6E93D3 /* [CP] Check Pods Manifest.lock */,
				EF18EADD26092B1E00EA1F37 /* Sources */,
				EF18EADE26092B1E00EA1F37 /* Frameworks */,
				EF18EADF26092B1E00EA1F37 /* Resources */,
				7F853F1C8AC632768D202CA0 /* [CP] Embed Pods Frameworks */,
			);
			buildRules = (
			);
			dependencies = (
			);
			name = Gas;
			productName = Gas;
			productReference = EF18EAE126092B1E00EA1F37 /* Gas.app */;
			productType = "com.apple.product-type.application";
		};
		EF18EAF626092B1F00EA1F37 /* GasTests */ = {
			isa = PBXNativeTarget;
			buildConfigurationList = EF18EB0E26092B1F00EA1F37 /* Build configuration list for PBXNativeTarget "GasTests" */;
			buildPhases = (
				EF18EAF326092B1F00EA1F37 /* Sources */,
				EF18EAF426092B1F00EA1F37 /* Frameworks */,
				EF18EAF526092B1F00EA1F37 /* Resources */,
			);
			buildRules = (
			);
			dependencies = (
				EF18EAF926092B1F00EA1F37 /* PBXTargetDependency */,
			);
			name = GasTests;
			productName = GasTests;
			productReference = EF18EAF726092B1F00EA1F37 /* GasTests.xctest */;
			productType = "com.apple.product-type.bundle.unit-test";
		};
/* End PBXNativeTarget section */

/* Begin PBXProject section */
		EF18EAD926092B1E00EA1F37 /* Project object */ = {
			isa = PBXProject;
			attributes = {
				LastSwiftUpdateCheck = 1230;
				LastUpgradeCheck = 1230;
				TargetAttributes = {
					EF18EAE026092B1E00EA1F37 = {
						CreatedOnToolsVersion = 12.3;
					};
					EF18EAF626092B1F00EA1F37 = {
						CreatedOnToolsVersion = 12.3;
						TestTargetID = EF18EAE026092B1E00EA1F37;
					};
				};
			};
			buildConfigurationList = EF18EADC26092B1E00EA1F37 /* Build configuration list for PBXProject "Gas" */;
			compatibilityVersion = "Xcode 9.3";
			developmentRegion = en;
			hasScannedForEncodings = 0;
			knownRegions = (
				en,
				Base,
				ru,
			);
			mainGroup = EF18EAD826092B1E00EA1F37;
			productRefGroup = EF18EAE226092B1E00EA1F37 /* Products */;
			projectDirPath = "";
			projectRoot = "";
			targets = (
				EF18EAE026092B1E00EA1F37 /* Gas */,
				EF18EAF626092B1F00EA1F37 /* GasTests */,
			);
		};
/* End PBXProject section */

/* Begin PBXResourcesBuildPhase section */
		EF18EADF26092B1E00EA1F37 /* Resources */ = {
			isa = PBXResourcesBuildPhase;
			buildActionMask = 2147483647;
			files = (
				EF18EAF126092B1F00EA1F37 /* LaunchScreen.storyboard in Resources */,
				EF92E6DA261D858C00E9ECEA /* Localizable.strings in Resources */,
				EF18EAEE26092B1F00EA1F37 /* Assets.xcassets in Resources */,
			);
			runOnlyForDeploymentPostprocessing = 0;
		};
		EF18EAF526092B1F00EA1F37 /* Resources */ = {
			isa = PBXResourcesBuildPhase;
			buildActionMask = 2147483647;
			files = (
			);
			runOnlyForDeploymentPostprocessing = 0;
		};
/* End PBXResourcesBuildPhase section */

/* Begin PBXShellScriptBuildPhase section */
		7F853F1C8AC632768D202CA0 /* [CP] Embed Pods Frameworks */ = {
			isa = PBXShellScriptBuildPhase;
			buildActionMask = 2147483647;
			files = (
			);
			inputFileListPaths = (
				"${PODS_ROOT}/Target Support Files/Pods-Gas/Pods-Gas-frameworks-${CONFIGURATION}-input-files.xcfilelist",
			);
			name = "[CP] Embed Pods Frameworks";
			outputFileListPaths = (
				"${PODS_ROOT}/Target Support Files/Pods-Gas/Pods-Gas-frameworks-${CONFIGURATION}-output-files.xcfilelist",
			);
			runOnlyForDeploymentPostprocessing = 0;
			shellPath = /bin/sh;
			shellScript = "\"${PODS_ROOT}/Target Support Files/Pods-Gas/Pods-Gas-frameworks.sh\"\n";
			showEnvVarsInLog = 0;
		};
		C91306712122B1DB7B6E93D3 /* [CP] Check Pods Manifest.lock */ = {
			isa = PBXShellScriptBuildPhase;
			buildActionMask = 2147483647;
			files = (
			);
			inputFileListPaths = (
			);
			inputPaths = (
				"${PODS_PODFILE_DIR_PATH}/Podfile.lock",
				"${PODS_ROOT}/Manifest.lock",
			);
			name = "[CP] Check Pods Manifest.lock";
			outputFileListPaths = (
			);
			outputPaths = (
				"$(DERIVED_FILE_DIR)/Pods-Gas-checkManifestLockResult.txt",
			);
			runOnlyForDeploymentPostprocessing = 0;
			shellPath = /bin/sh;
			shellScript = "diff \"${PODS_PODFILE_DIR_PATH}/Podfile.lock\" \"${PODS_ROOT}/Manifest.lock\" > /dev/null\nif [ $? != 0 ] ; then\n    # print error to STDERR\n    echo \"error: The sandbox is not in sync with the Podfile.lock. Run 'pod install' or update your CocoaPods installation.\" >&2\n    exit 1\nfi\n# This output is used by Xcode 'outputs' to avoid re-running this script phase.\necho \"SUCCESS\" > \"${SCRIPT_OUTPUT_FILE_0}\"\n";
			showEnvVarsInLog = 0;
		};
/* End PBXShellScriptBuildPhase section */

/* Begin PBXSourcesBuildPhase section */
		EF18EADD26092B1E00EA1F37 /* Sources */ = {
			isa = PBXSourcesBuildPhase;
			buildActionMask = 2147483647;
			files = (
				EF79660B2615348F0052751C /* LabelExtension.swift in Sources */,
				EF79661626153F810052751C /* MaskedTextField.swift in Sources */,
				EF796610261536CC0052751C /* SpaceFactory.swift in Sources */,
				EF1D782826152A9D00168CF9 /* InitialViewController.swift in Sources */,
				EF92E6E9261D86BD00E9ECEA /* Text.swift in Sources */,
				EF7965F626152FEC0052751C /* Colors.swift in Sources */,
				EF7965E326152D800052751C /* Constants.swift in Sources */,
				EF92E75A261DA43E00E9ECEA /* RegistrationCoordinator.swift in Sources */,
				EF92E6BB261D778400E9ECEA /* ViewExtension.swift in Sources */,
				EF92E6E6261D86BD00E9ECEA /* Assets.swift in Sources */,
				EF92E749261DA3F600E9ECEA /* AddPersonalAccountViewController.swift in Sources */,
				EF7966052615336F0052751C /* LabelFactory.swift in Sources */,
				EF18EAE526092B1E00EA1F37 /* AppDelegate.swift in Sources */,
				EF18EAE726092B1E00EA1F37 /* SceneDelegate.swift in Sources */,
				EF2DBAF32619E52F008C2B6E /* StringExtension.swift in Sources */,
				EF92E6B6261D773D00E9ECEA /* Button.swift in Sources */,
			);
			runOnlyForDeploymentPostprocessing = 0;
		};
		EF18EAF326092B1F00EA1F37 /* Sources */ = {
			isa = PBXSourcesBuildPhase;
			buildActionMask = 2147483647;
			files = (
				EF92E723261D8FD200E9ECEA /* RegistrationCoordinatorTests.swift in Sources */,
				EF0951FF262334C800AD02BB /* AddPersonalAccountTest.swift in Sources */,
				EF92E724261D8FD200E9ECEA /* InitialViewControllerTests.swift in Sources */,
				EF92E725261D8FD200E9ECEA /* GasTests.swift in Sources */,
			);
			runOnlyForDeploymentPostprocessing = 0;
		};
/* End PBXSourcesBuildPhase section */

/* Begin PBXTargetDependency section */
		EF18EAF926092B1F00EA1F37 /* PBXTargetDependency */ = {
			isa = PBXTargetDependency;
			target = EF18EAE026092B1E00EA1F37 /* Gas */;
			targetProxy = EF18EAF826092B1F00EA1F37 /* PBXContainerItemProxy */;
		};
/* End PBXTargetDependency section */

/* Begin PBXVariantGroup section */
		EF18EAEF26092B1F00EA1F37 /* LaunchScreen.storyboard */ = {
			isa = PBXVariantGroup;
			children = (
				EF18EAF026092B1F00EA1F37 /* Base */,
				EF92E6D0261D852400E9ECEA /* ru */,
			);
			name = LaunchScreen.storyboard;
			sourceTree = "<group>";
		};
		EF92E6DC261D858C00E9ECEA /* Localizable.strings */ = {
			isa = PBXVariantGroup;
			children = (
				EF92E6DB261D858C00E9ECEA /* en */,
				EF92E6E0261D859100E9ECEA /* ru */,
			);
			name = Localizable.strings;
			sourceTree = "<group>";
		};
/* End PBXVariantGroup section */

/* Begin XCBuildConfiguration section */
		EF18EB0926092B1F00EA1F37 /* Debug */ = {
			isa = XCBuildConfiguration;
			buildSettings = {
				ALWAYS_SEARCH_USER_PATHS = NO;
				CLANG_ANALYZER_LOCALIZABILITY_NONLOCALIZED = YES;
				CLANG_ANALYZER_NONNULL = YES;
				CLANG_ANALYZER_NUMBER_OBJECT_CONVERSION = YES_AGGRESSIVE;
				CLANG_CXX_LANGUAGE_STANDARD = "gnu++14";
				CLANG_CXX_LIBRARY = "libc++";
				CLANG_ENABLE_MODULES = YES;
				CLANG_ENABLE_OBJC_ARC = YES;
				CLANG_ENABLE_OBJC_WEAK = YES;
				CLANG_WARN_BLOCK_CAPTURE_AUTORELEASING = YES;
				CLANG_WARN_BOOL_CONVERSION = YES;
				CLANG_WARN_COMMA = YES;
				CLANG_WARN_CONSTANT_CONVERSION = YES;
				CLANG_WARN_DEPRECATED_OBJC_IMPLEMENTATIONS = YES;
				CLANG_WARN_DIRECT_OBJC_ISA_USAGE = YES_ERROR;
				CLANG_WARN_DOCUMENTATION_COMMENTS = YES;
				CLANG_WARN_EMPTY_BODY = YES;
				CLANG_WARN_ENUM_CONVERSION = YES;
				CLANG_WARN_INFINITE_RECURSION = YES;
				CLANG_WARN_INT_CONVERSION = YES;
				CLANG_WARN_NON_LITERAL_NULL_CONVERSION = YES;
				CLANG_WARN_OBJC_IMPLICIT_RETAIN_SELF = YES;
				CLANG_WARN_OBJC_LITERAL_CONVERSION = YES;
				CLANG_WARN_OBJC_ROOT_CLASS = YES_ERROR;
				CLANG_WARN_QUOTED_INCLUDE_IN_FRAMEWORK_HEADER = YES;
				CLANG_WARN_RANGE_LOOP_ANALYSIS = YES;
				CLANG_WARN_STRICT_PROTOTYPES = YES;
				CLANG_WARN_SUSPICIOUS_MOVE = YES;
				CLANG_WARN_UNGUARDED_AVAILABILITY = YES_AGGRESSIVE;
				CLANG_WARN_UNREACHABLE_CODE = YES;
				CLANG_WARN__DUPLICATE_METHOD_MATCH = YES;
				COPY_PHASE_STRIP = NO;
				DEBUG_INFORMATION_FORMAT = dwarf;
				ENABLE_STRICT_OBJC_MSGSEND = YES;
				ENABLE_TESTABILITY = YES;
				GCC_C_LANGUAGE_STANDARD = gnu11;
				GCC_DYNAMIC_NO_PIC = NO;
				GCC_NO_COMMON_BLOCKS = YES;
				GCC_OPTIMIZATION_LEVEL = 0;
				GCC_PREPROCESSOR_DEFINITIONS = (
					"DEBUG=1",
					"$(inherited)",
				);
				GCC_WARN_64_TO_32_BIT_CONVERSION = YES;
				GCC_WARN_ABOUT_RETURN_TYPE = YES_ERROR;
				GCC_WARN_UNDECLARED_SELECTOR = YES;
				GCC_WARN_UNINITIALIZED_AUTOS = YES_AGGRESSIVE;
				GCC_WARN_UNUSED_FUNCTION = YES;
				GCC_WARN_UNUSED_VARIABLE = YES;
				IPHONEOS_DEPLOYMENT_TARGET = 14.3;
				MTL_ENABLE_DEBUG_INFO = INCLUDE_SOURCE;
				MTL_FAST_MATH = YES;
				ONLY_ACTIVE_ARCH = YES;
				SDKROOT = iphoneos;
				SWIFT_ACTIVE_COMPILATION_CONDITIONS = DEBUG;
				SWIFT_OPTIMIZATION_LEVEL = "-Onone";
			};
			name = Debug;
		};
		EF18EB0A26092B1F00EA1F37 /* Release */ = {
			isa = XCBuildConfiguration;
			buildSettings = {
				ALWAYS_SEARCH_USER_PATHS = NO;
				CLANG_ANALYZER_LOCALIZABILITY_NONLOCALIZED = YES;
				CLANG_ANALYZER_NONNULL = YES;
				CLANG_ANALYZER_NUMBER_OBJECT_CONVERSION = YES_AGGRESSIVE;
				CLANG_CXX_LANGUAGE_STANDARD = "gnu++14";
				CLANG_CXX_LIBRARY = "libc++";
				CLANG_ENABLE_MODULES = YES;
				CLANG_ENABLE_OBJC_ARC = YES;
				CLANG_ENABLE_OBJC_WEAK = YES;
				CLANG_WARN_BLOCK_CAPTURE_AUTORELEASING = YES;
				CLANG_WARN_BOOL_CONVERSION = YES;
				CLANG_WARN_COMMA = YES;
				CLANG_WARN_CONSTANT_CONVERSION = YES;
				CLANG_WARN_DEPRECATED_OBJC_IMPLEMENTATIONS = YES;
				CLANG_WARN_DIRECT_OBJC_ISA_USAGE = YES_ERROR;
				CLANG_WARN_DOCUMENTATION_COMMENTS = YES;
				CLANG_WARN_EMPTY_BODY = YES;
				CLANG_WARN_ENUM_CONVERSION = YES;
				CLANG_WARN_INFINITE_RECURSION = YES;
				CLANG_WARN_INT_CONVERSION = YES;
				CLANG_WARN_NON_LITERAL_NULL_CONVERSION = YES;
				CLANG_WARN_OBJC_IMPLICIT_RETAIN_SELF = YES;
				CLANG_WARN_OBJC_LITERAL_CONVERSION = YES;
				CLANG_WARN_OBJC_ROOT_CLASS = YES_ERROR;
				CLANG_WARN_QUOTED_INCLUDE_IN_FRAMEWORK_HEADER = YES;
				CLANG_WARN_RANGE_LOOP_ANALYSIS = YES;
				CLANG_WARN_STRICT_PROTOTYPES = YES;
				CLANG_WARN_SUSPICIOUS_MOVE = YES;
				CLANG_WARN_UNGUARDED_AVAILABILITY = YES_AGGRESSIVE;
				CLANG_WARN_UNREACHABLE_CODE = YES;
				CLANG_WARN__DUPLICATE_METHOD_MATCH = YES;
				COPY_PHASE_STRIP = NO;
				DEBUG_INFORMATION_FORMAT = "dwarf-with-dsym";
				ENABLE_NS_ASSERTIONS = NO;
				ENABLE_STRICT_OBJC_MSGSEND = YES;
				GCC_C_LANGUAGE_STANDARD = gnu11;
				GCC_NO_COMMON_BLOCKS = YES;
				GCC_WARN_64_TO_32_BIT_CONVERSION = YES;
				GCC_WARN_ABOUT_RETURN_TYPE = YES_ERROR;
				GCC_WARN_UNDECLARED_SELECTOR = YES;
				GCC_WARN_UNINITIALIZED_AUTOS = YES_AGGRESSIVE;
				GCC_WARN_UNUSED_FUNCTION = YES;
				GCC_WARN_UNUSED_VARIABLE = YES;
				IPHONEOS_DEPLOYMENT_TARGET = 14.3;
				MTL_ENABLE_DEBUG_INFO = NO;
				MTL_FAST_MATH = YES;
				SDKROOT = iphoneos;
				SWIFT_COMPILATION_MODE = wholemodule;
				SWIFT_OPTIMIZATION_LEVEL = "-O";
				VALIDATE_PRODUCT = YES;
			};
			name = Release;
		};
		EF18EB0C26092B1F00EA1F37 /* Debug */ = {
			isa = XCBuildConfiguration;
			baseConfigurationReference = F62F2FD548E43B5A7701739C /* Pods-Gas.debug.xcconfig */;
			buildSettings = {
				ASSETCATALOG_COMPILER_APPICON_NAME = AppIcon;
				ASSETCATALOG_COMPILER_GLOBAL_ACCENT_COLOR_NAME = AccentColor;
				CODE_SIGN_STYLE = Automatic;
				INFOPLIST_FILE = Gas/Info.plist;
				LD_RUNPATH_SEARCH_PATHS = (
					"$(inherited)",
					"@executable_path/Frameworks",
				);
				PRODUCT_BUNDLE_IDENTIFIER = sdu.Gas;
				PRODUCT_NAME = "$(TARGET_NAME)";
				SWIFT_VERSION = 5.0;
				TARGETED_DEVICE_FAMILY = "1,2";
			};
			name = Debug;
		};
		EF18EB0D26092B1F00EA1F37 /* Release */ = {
			isa = XCBuildConfiguration;
			baseConfigurationReference = 1FDA8AA05A8F9DAD45AF6D99 /* Pods-Gas.release.xcconfig */;
			buildSettings = {
				ASSETCATALOG_COMPILER_APPICON_NAME = AppIcon;
				ASSETCATALOG_COMPILER_GLOBAL_ACCENT_COLOR_NAME = AccentColor;
				CODE_SIGN_STYLE = Automatic;
				INFOPLIST_FILE = Gas/Info.plist;
				LD_RUNPATH_SEARCH_PATHS = (
					"$(inherited)",
					"@executable_path/Frameworks",
				);
				PRODUCT_BUNDLE_IDENTIFIER = sdu.Gas;
				PRODUCT_NAME = "$(TARGET_NAME)";
				SWIFT_VERSION = 5.0;
				TARGETED_DEVICE_FAMILY = "1,2";
			};
			name = Release;
		};
		EF18EB0F26092B1F00EA1F37 /* Debug */ = {
			isa = XCBuildConfiguration;
			buildSettings = {
				ALWAYS_EMBED_SWIFT_STANDARD_LIBRARIES = YES;
				BUNDLE_LOADER = "$(TEST_HOST)";
				CODE_SIGN_STYLE = Automatic;
				INFOPLIST_FILE = GasTests/Info.plist;
				IPHONEOS_DEPLOYMENT_TARGET = 14.3;
				LD_RUNPATH_SEARCH_PATHS = (
					"$(inherited)",
					"@executable_path/Frameworks",
					"@loader_path/Frameworks",
				);
				PRODUCT_BUNDLE_IDENTIFIER = sdu.GasTests;
				PRODUCT_NAME = "$(TARGET_NAME)";
				SWIFT_VERSION = 5.0;
				TARGETED_DEVICE_FAMILY = "1,2";
				TEST_HOST = "$(BUILT_PRODUCTS_DIR)/Gas.app/Gas";
			};
			name = Debug;
		};
		EF18EB1026092B1F00EA1F37 /* Release */ = {
			isa = XCBuildConfiguration;
			buildSettings = {
				ALWAYS_EMBED_SWIFT_STANDARD_LIBRARIES = YES;
				BUNDLE_LOADER = "$(TEST_HOST)";
				CODE_SIGN_STYLE = Automatic;
				INFOPLIST_FILE = GasTests/Info.plist;
				IPHONEOS_DEPLOYMENT_TARGET = 14.3;
				LD_RUNPATH_SEARCH_PATHS = (
					"$(inherited)",
					"@executable_path/Frameworks",
					"@loader_path/Frameworks",
				);
				PRODUCT_BUNDLE_IDENTIFIER = sdu.GasTests;
				PRODUCT_NAME = "$(TARGET_NAME)";
				SWIFT_VERSION = 5.0;
				TARGETED_DEVICE_FAMILY = "1,2";
				TEST_HOST = "$(BUILT_PRODUCTS_DIR)/Gas.app/Gas";
			};
			name = Release;
		};
/* End XCBuildConfiguration section */

/* Begin XCConfigurationList section */
		EF18EADC26092B1E00EA1F37 /* Build configuration list for PBXProject "Gas" */ = {
			isa = XCConfigurationList;
			buildConfigurations = (
				EF18EB0926092B1F00EA1F37 /* Debug */,
				EF18EB0A26092B1F00EA1F37 /* Release */,
			);
			defaultConfigurationIsVisible = 0;
			defaultConfigurationName = Release;
		};
		EF18EB0B26092B1F00EA1F37 /* Build configuration list for PBXNativeTarget "Gas" */ = {
			isa = XCConfigurationList;
			buildConfigurations = (
				EF18EB0C26092B1F00EA1F37 /* Debug */,
				EF18EB0D26092B1F00EA1F37 /* Release */,
			);
			defaultConfigurationIsVisible = 0;
			defaultConfigurationName = Release;
		};
		EF18EB0E26092B1F00EA1F37 /* Build configuration list for PBXNativeTarget "GasTests" */ = {
			isa = XCConfigurationList;
			buildConfigurations = (
				EF18EB0F26092B1F00EA1F37 /* Debug */,
				EF18EB1026092B1F00EA1F37 /* Release */,
			);
			defaultConfigurationIsVisible = 0;
			defaultConfigurationName = Release;
		};
/* End XCConfigurationList section */
	};
	rootObject = EF18EAD926092B1E00EA1F37 /* Project object */;
}
